#include <iostream>

using namespace std;

class Ulamek {
  int l, m; // licznik , mianownik

public:
  Ulamek ();
  Ulamek(int _l, int _m)
  {
        l = _l;
        m = _m;
  }
  Ulamek& operator+=(const Ulamek &w){
        l *= w.m;
        l += w.l * m;
        m *= m;
    return *this;
  }
  Ulamek operator+(const Ulamek &w){
        Ulamek t = *this;
        t += w;
        return t;
  }


  friend ostream& operator<<(ostream& o, const Ulamek &w);
};

ostream& operator<<(ostream& o, const Ulamek &w){
    o << w.l << "/" << w.m;
    return o;
}

int main()
{
  Ulamek a(3,8), w(1,8);
  cout << (a+w) << endl;
  return 0;
}
