<?xml version="1.0" encoding="UTF-8" standalone="yes" ?>
<CodeBlocks_project_file>
	<FileVersion major="1" minor="6" />
	<Project>
		<Option title="Snake" />
		<Option pch_mode="2" />
		<Option compiler="gcc" />
		<Build>
			<Target title="Debug">
				<Option output="bin/Debug/Snake" prefix_auto="1" extension_auto="1" />
				<Option object_output="obj/Debug/" />
				<Option type="1" />
				<Option compiler="gcc" />
				<Compiler>
					<Add option="-g" />
				</Compiler>
				<Linker>
					<Add library="..\..\..\..\..\..\Downloads\allegro-4.4.2-mingw-3.4.5\lib\liballegro-4.4.2-monolith-mt-debug.a" />
				</Linker>
			</Target>
			<Target title="Release">
				<Option output="bin/Release/Snake" prefix_auto="1" extension_auto="1" />
				<Option object_output="obj/Release/" />
				<Option type="1" />
				<Option compiler="gcc" />
				<Compiler>
					<Add option="-O2" />
				</Compiler>
				<Linker>
					<Add option="-s" />
					<Add library="..\..\..\..\..\..\Downloads\allegro-4.4.2-mingw-3.4.5\lib\liballegro-4.4.2-monolith-mt.a" />
				</Linker>
			</Target>
		</Build>
		<Compiler>
			<Add option="-Wall" />
			<Add directory="../../../../../../Downloads/allegro-4.4.2-mingw-3.4.5/include" />
		</Compiler>
		<Unit filename="gra.cpp" />
		<Unit filename="gra.h" />
		<Unit filename="grafika.cpp" />
		<Unit filename="grafika.h" />
		<Unit filename="main.cpp" />
		<Unit filename="menu.cpp" />
		<Unit filename="menu.h" />
		<Unit filename="pokarm.cpp" />
		<Unit filename="pokarm.h" />
		<Unit filename="snake.cpp" />
		<Unit filename="snake.h" />
		<Extensions>
			<code_completion />
			<envvars />
			<debugger />
		</Extensions>
	</Project>
</CodeBlocks_project_file>
